# This file is automatically @generated by Cargo.
# It is not intended for manual editing.
version = 3

[[package]]
name = "Inflector"
version = "0.11.4"
source = "registry+https://github.com/rust-lang/crates.io-index"
checksum = "fe438c63458706e03479442743baae6c88256498e6431708f6dfc520a26515d3"

[[package]]
name = "ahash"
version = "0.8.6"
source = "registry+https://github.com/rust-lang/crates.io-index"
checksum = "91429305e9f0a25f6205c5b8e0d2db09e0708a7a6df0f42212bb56c32c8ac97a"
dependencies = [
 "cfg-if",
 "getrandom",
 "once_cell",
 "version_check",
 "zerocopy",
]

[[package]]
name = "allocator-api2"
version = "0.2.16"
source = "registry+https://github.com/rust-lang/crates.io-index"
checksum = "0942ffc6dcaadf03badf6e6a2d0228460359d5e34b57ccdc720b7382dfbd5ec5"

[[package]]
name = "async-channel"
version = "1.9.0"
source = "registry+https://github.com/rust-lang/crates.io-index"
checksum = "81953c529336010edd6d8e358f886d9581267795c61b19475b71314bffa46d35"
dependencies = [
 "concurrent-queue",
 "event-listener 2.5.3",
 "futures-core",
]

[[package]]
name = "async-executor"
version = "1.7.0"
source = "registry+https://github.com/rust-lang/crates.io-index"
checksum = "2f9936333f3d84275cb4010514544ae7fe0847760f4a242e8ce603b358615cad"
dependencies = [
 "async-lock",
 "async-task",
 "concurrent-queue",
 "fastrand 2.0.1",
 "futures-lite 2.0.1",
 "slab",
]

[[package]]
name = "async-lock"
version = "3.0.0"
source = "registry+https://github.com/rust-lang/crates.io-index"
checksum = "45e900cdcd39bb94a14487d3f7ef92ca222162e6c7c3fe7cb3550ea75fb486ed"
dependencies = [
 "event-listener 3.0.1",
 "event-listener-strategy",
 "pin-project-lite",
]

[[package]]
name = "async-task"
version = "4.5.0"
source = "registry+https://github.com/rust-lang/crates.io-index"
checksum = "b4eb2cdb97421e01129ccb49169d8279ed21e829929144f4a22a6e54ac549ca1"

[[package]]
name = "autocfg"
version = "1.1.0"
source = "registry+https://github.com/rust-lang/crates.io-index"
checksum = "d468802bab17cbc0cc575e9b053f41e72aa36bfa6b7f55e3529ffa43161b97fa"

[[package]]
name = "bevy_app"
version = "0.12.0"
source = "registry+https://github.com/rust-lang/crates.io-index"
checksum = "172d532ea812e5954fa814dae003c207f2a0b20c6e50431787c94a7159677ece"
dependencies = [
 "bevy_derive",
 "bevy_ecs",
 "bevy_reflect",
 "bevy_tasks",
 "bevy_utils",
 "downcast-rs",
 "wasm-bindgen",
 "web-sys",
]

[[package]]
name = "bevy_derive"
version = "0.12.0"
source = "registry+https://github.com/rust-lang/crates.io-index"
checksum = "24bf40259be12a1a24d9fd536f5ff18d31eeb5665b77e2732899783be6edc5d6"
dependencies = [
 "bevy_macro_utils",
 "quote",
 "syn 2.0.39",
]

[[package]]
name = "bevy_ecs"
version = "0.12.0"
source = "registry+https://github.com/rust-lang/crates.io-index"
checksum = "ae11a1f467c372b50e9d4b55e78370f5420c9db7416200cc441cc84f08174dd3"
dependencies = [
 "async-channel",
 "bevy_ecs_macros",
 "bevy_ptr",
 "bevy_reflect",
 "bevy_tasks",
 "bevy_utils",
 "downcast-rs",
 "event-listener 2.5.3",
 "fixedbitset",
 "rustc-hash",
 "serde",
 "thiserror",
 "thread_local",
]

[[package]]
name = "bevy_ecs_macros"
version = "0.12.0"
source = "registry+https://github.com/rust-lang/crates.io-index"
checksum = "f642c2b67c4d0daf8edf15074f6351457eb487a34b3de1290c760d8f3ac9ec16"
dependencies = [
 "bevy_macro_utils",
 "proc-macro2",
 "quote",
 "syn 2.0.39",
]

[[package]]
name = "bevy_macro_utils"
version = "0.12.0"
source = "registry+https://github.com/rust-lang/crates.io-index"
checksum = "cf6fba87c6d069fcbcd8a48625ca8ab4392ad40d2b260863ce7d641a0f42986d"
dependencies = [
 "proc-macro2",
 "quote",
 "rustc-hash",
 "syn 2.0.39",
 "toml_edit",
]

[[package]]
name = "bevy_math"
version = "0.12.0"
source = "registry+https://github.com/rust-lang/crates.io-index"
checksum = "752764558a1f429c20704c3b836a019fa308961c43fdfef4f08e339d456c96be"
dependencies = [
 "glam",
 "serde",
]

[[package]]
name = "bevy_ptr"
version = "0.12.0"
source = "registry+https://github.com/rust-lang/crates.io-index"
checksum = "308a02679f6ce21ef71de20fae6d6a2016c07baa21d8e8d0558e6b7851e8adf2"

[[package]]
name = "bevy_reflect"
version = "0.12.0"
source = "registry+https://github.com/rust-lang/crates.io-index"
checksum = "cdd56914a8ad57621d7a1a099f7e6b1f7482c9c76cedc9c3d4c175a203939c5d"
dependencies = [
 "bevy_math",
 "bevy_ptr",
 "bevy_reflect_derive",
 "bevy_utils",
 "downcast-rs",
 "erased-serde",
 "glam",
 "serde",
 "smallvec",
 "smol_str",
 "thiserror",
]

[[package]]
name = "bevy_reflect_derive"
version = "0.12.0"
source = "registry+https://github.com/rust-lang/crates.io-index"
checksum = "25f627907c40ac552f798423447fc331fc1ddacd94c5f7a2a70942eb06bc8447"
dependencies = [
 "bevy_macro_utils",
 "proc-macro2",
 "quote",
 "syn 2.0.39",
 "uuid",
]

[[package]]
name = "bevy_tasks"
version = "0.12.0"
source = "registry+https://github.com/rust-lang/crates.io-index"
checksum = "3a45be906618192515bc613e46546150089adbb4a82178dc462045acd1e89e92"
dependencies = [
 "async-channel",
 "async-executor",
 "async-task",
 "concurrent-queue",
 "futures-lite 1.13.0",
 "wasm-bindgen-futures",
]

[[package]]
name = "bevy_time"
version = "0.12.0"
source = "registry+https://github.com/rust-lang/crates.io-index"
checksum = "b29709cadf22d318a0b7c79f763e9c5ac414292bd0e850066fa935959021b276"
dependencies = [
 "bevy_app",
 "bevy_ecs",
 "bevy_reflect",
 "bevy_utils",
 "crossbeam-channel",
 "thiserror",
]

[[package]]
name = "bevy_utils"
version = "0.12.0"
source = "registry+https://github.com/rust-lang/crates.io-index"
checksum = "c8e75d4a34ef0b15dffd1ee9079ef1f0f5139527e192b9d5708b3e158777c753"
dependencies = [
 "ahash",
 "bevy_utils_proc_macros",
 "getrandom",
 "hashbrown",
 "instant",
 "nonmax",
 "petgraph",
 "thiserror",
 "tracing",
 "uuid",
]

[[package]]
name = "bevy_utils_proc_macros"
version = "0.12.0"
source = "registry+https://github.com/rust-lang/crates.io-index"
checksum = "f7dfd3735a61a1b681ed1e176afe4eae731bbb03e51ad871e9eb39e76a2d170e"
dependencies = [
 "proc-macro2",
 "quote",
 "syn 2.0.39",
]

[[package]]
name = "bumpalo"
version = "3.14.0"
source = "registry+https://github.com/rust-lang/crates.io-index"
checksum = "7f30e7476521f6f8af1a1c4c0b8cc94f0bee37d91763d0ca2665f299b6cd8aec"

[[package]]
name = "bytemuck"
version = "1.14.0"
source = "registry+https://github.com/rust-lang/crates.io-index"
checksum = "374d28ec25809ee0e23827c2ab573d729e293f281dfe393500e7ad618baa61c6"

[[package]]
name = "cfg-if"
version = "1.0.0"
source = "registry+https://github.com/rust-lang/crates.io-index"
checksum = "baf1de4339761588bc0619e3cbc0120ee582ebb74b53b4efbf79117bd2da40fd"

[[package]]
name = "concurrent-queue"
version = "2.3.0"
source = "registry+https://github.com/rust-lang/crates.io-index"
checksum = "f057a694a54f12365049b0958a1685bb52d567f5593b355fbf685838e873d400"
dependencies = [
 "crossbeam-utils",
]

[[package]]
name = "crossbeam-channel"
version = "0.5.8"
source = "registry+https://github.com/rust-lang/crates.io-index"
checksum = "a33c2bf77f2df06183c3aa30d1e96c0695a313d4f9c453cc3762a6db39f99200"
dependencies = [
 "cfg-if",
 "crossbeam-utils",
]

[[package]]
name = "crossbeam-utils"
version = "0.8.16"
source = "registry+https://github.com/rust-lang/crates.io-index"
checksum = "5a22b2d63d4d1dc0b7f1b6b2747dd0088008a9be28b6ddf0b1e7d335e3037294"
dependencies = [
 "cfg-if",
]

[[package]]
name = "downcast-rs"
version = "1.2.0"
source = "registry+https://github.com/rust-lang/crates.io-index"
checksum = "9ea835d29036a4087793836fa931b08837ad5e957da9e23886b29586fb9b6650"

[[package]]
name = "dyn_bevy_render_skeleton"
version = "0.0.1"
dependencies = [
 "bevy_app",
 "bevy_ecs",
 "bevy_time",
 "bevy_utils",
]

[[package]]
name = "dyn_dtom"
version = "0.0.1"
dependencies = [
 "bevy_app",
 "bevy_ecs",
 "bevy_utils",
 "dyn_bevy_render_skeleton",
 "glam",
 "log",
 "serde",
 "specta",
]

[[package]]
name = "equivalent"
version = "1.0.1"
source = "registry+https://github.com/rust-lang/crates.io-index"
checksum = "5443807d6dff69373d433ab9ef5378ad8df50ca6298caf15de6e52e24aaf54d5"

[[package]]
name = "erased-serde"
version = "0.3.31"
source = "registry+https://github.com/rust-lang/crates.io-index"
checksum = "6c138974f9d5e7fe373eb04df7cae98833802ae4b11c24ac7039a21d5af4b26c"
dependencies = [
 "serde",
]

[[package]]
name = "event-listener"
version = "2.5.3"
source = "registry+https://github.com/rust-lang/crates.io-index"
checksum = "0206175f82b8d6bf6652ff7d71a1e27fd2e4efde587fd368662814d6ec1d9ce0"

[[package]]
name = "event-listener"
version = "3.0.1"
source = "registry+https://github.com/rust-lang/crates.io-index"
checksum = "01cec0252c2afff729ee6f00e903d479fba81784c8e2bd77447673471fdfaea1"
dependencies = [
 "concurrent-queue",
 "parking",
 "pin-project-lite",
]

[[package]]
name = "event-listener-strategy"
version = "0.3.0"
source = "registry+https://github.com/rust-lang/crates.io-index"
checksum = "d96b852f1345da36d551b9473fa1e2b1eb5c5195585c6c018118bc92a8d91160"
dependencies = [
 "event-listener 3.0.1",
 "pin-project-lite",
]

[[package]]
name = "fastrand"
version = "1.9.0"
source = "registry+https://github.com/rust-lang/crates.io-index"
checksum = "e51093e27b0797c359783294ca4f0a911c270184cb10f85783b118614a1501be"
dependencies = [
 "instant",
]

[[package]]
name = "fastrand"
version = "2.0.1"
source = "registry+https://github.com/rust-lang/crates.io-index"
checksum = "25cbce373ec4653f1a01a31e8a5e5ec0c622dc27ff9c4e6606eefef5cbbed4a5"

[[package]]
name = "fixedbitset"
version = "0.4.2"
source = "registry+https://github.com/rust-lang/crates.io-index"
checksum = "0ce7134b9999ecaf8bcd65542e436736ef32ddca1b3e06094cb6ec5755203b80"

[[package]]
name = "futures-core"
version = "0.3.29"
source = "registry+https://github.com/rust-lang/crates.io-index"
checksum = "eb1d22c66e66d9d72e1758f0bd7d4fd0bee04cad842ee34587d68c07e45d088c"

[[package]]
name = "futures-io"
version = "0.3.29"
source = "registry+https://github.com/rust-lang/crates.io-index"
checksum = "8bf34a163b5c4c52d0478a4d757da8fb65cabef42ba90515efee0f6f9fa45aaa"

[[package]]
name = "futures-lite"
version = "1.13.0"
source = "registry+https://github.com/rust-lang/crates.io-index"
checksum = "49a9d51ce47660b1e808d3c990b4709f2f415d928835a17dfd16991515c46bce"
dependencies = [
 "fastrand 1.9.0",
 "futures-core",
 "futures-io",
 "memchr",
 "parking",
 "pin-project-lite",
 "waker-fn",
]

[[package]]
name = "futures-lite"
version = "2.0.1"
source = "registry+https://github.com/rust-lang/crates.io-index"
checksum = "d3831c2651acb5177cbd83943f3d9c8912c5ad03c76afcc0e9511ba568ec5ebb"
dependencies = [
 "futures-core",
 "pin-project-lite",
]

[[package]]
name = "getrandom"
version = "0.2.10"
source = "registry+https://github.com/rust-lang/crates.io-index"
checksum = "be4136b2a15dd319360be1c07d9933517ccf0be8f16bf62a3bee4f0d618df427"
dependencies = [
 "cfg-if",
 "js-sys",
 "libc",
 "wasi",
 "wasm-bindgen",
]

[[package]]
name = "glam"
version = "0.24.2"
source = "registry+https://github.com/rust-lang/crates.io-index"
checksum = "b5418c17512bdf42730f9032c74e1ae39afc408745ebb2acf72fbc4691c17945"
dependencies = [
 "bytemuck",
 "serde",
]

[[package]]
name = "hashbrown"
version = "0.14.2"
source = "registry+https://github.com/rust-lang/crates.io-index"
checksum = "f93e7192158dbcda357bdec5fb5788eebf8bbac027f3f33e719d29135ae84156"
dependencies = [
 "ahash",
 "allocator-api2",
 "serde",
]

[[package]]
name = "indexmap"
version = "2.1.0"
source = "registry+https://github.com/rust-lang/crates.io-index"
checksum = "d530e1a18b1cb4c484e6e34556a0d948706958449fca0cab753d649f2bce3d1f"
dependencies = [
 "equivalent",
 "hashbrown",
]

[[package]]
name = "instant"
version = "0.1.12"
source = "registry+https://github.com/rust-lang/crates.io-index"
checksum = "7a5bbe824c507c5da5956355e86a746d82e0e1464f65d862cc5e71da70e94b2c"
dependencies = [
 "cfg-if",
 "js-sys",
 "wasm-bindgen",
 "web-sys",
]

[[package]]
name = "js-sys"
version = "0.3.65"
source = "registry+https://github.com/rust-lang/crates.io-index"
checksum = "54c0c35952f67de54bb584e9fd912b3023117cbafc0a77d8f3dee1fb5f572fe8"
dependencies = [
 "wasm-bindgen",
]

[[package]]
name = "libc"
version = "0.2.150"
source = "registry+https://github.com/rust-lang/crates.io-index"
checksum = "89d92a4743f9a61002fae18374ed11e7973f530cb3a3255fb354818118b2203c"

[[package]]
name = "log"
version = "0.4.20"
source = "registry+https://github.com/rust-lang/crates.io-index"
checksum = "b5e6163cb8c49088c2c36f57875e58ccd8c87c7427f7fbd50ea6710b2f3f2e8f"

[[package]]
name = "memchr"
version = "2.6.4"
source = "registry+https://github.com/rust-lang/crates.io-index"
checksum = "f665ee40bc4a3c5590afb1e9677db74a508659dfd71e126420da8274909a0167"

[[package]]
name = "nonmax"
version = "0.5.3"
source = "registry+https://github.com/rust-lang/crates.io-index"
checksum = "99756f5493e135528f0cd660ac67b4c3a542bb65a3565efe92bb2c2317eb3669"

[[package]]
name = "once_cell"
version = "1.18.0"
source = "registry+https://github.com/rust-lang/crates.io-index"
checksum = "dd8b5dd2ae5ed71462c540258bedcb51965123ad7e7ccf4b9a8cafaa4a63576d"

[[package]]
name = "parking"
version = "2.2.0"
source = "registry+https://github.com/rust-lang/crates.io-index"
checksum = "bb813b8af86854136c6922af0598d719255ecb2179515e6e7730d468f05c9cae"

[[package]]
name = "paste"
version = "1.0.14"
source = "registry+https://github.com/rust-lang/crates.io-index"
checksum = "de3145af08024dea9fa9914f381a17b8fc6034dfb00f3a84013f7ff43f29ed4c"

[[package]]
name = "petgraph"
version = "0.6.4"
source = "registry+https://github.com/rust-lang/crates.io-index"
checksum = "e1d3afd2628e69da2be385eb6f2fd57c8ac7977ceeff6dc166ff1657b0e386a9"
dependencies = [
 "fixedbitset",
 "indexmap",
]

[[package]]
name = "pin-project-lite"
version = "0.2.13"
source = "registry+https://github.com/rust-lang/crates.io-index"
checksum = "8afb450f006bf6385ca15ef45d71d2288452bc3683ce2e2cacc0d18e4be60b58"

[[package]]
name = "proc-macro2"
version = "1.0.69"
source = "registry+https://github.com/rust-lang/crates.io-index"
checksum = "134c189feb4956b20f6f547d2cf727d4c0fe06722b20a0eec87ed445a97f92da"
dependencies = [
 "unicode-ident",
]

[[package]]
name = "quote"
version = "1.0.33"
source = "registry+https://github.com/rust-lang/crates.io-index"
checksum = "5267fca4496028628a95160fc423a33e8b2e6af8a5302579e322e4b520293cae"
dependencies = [
 "proc-macro2",
]

[[package]]
name = "rustc-hash"
version = "1.1.0"
source = "registry+https://github.com/rust-lang/crates.io-index"
checksum = "08d43f7aa6b08d49f382cde6a7982047c3426db949b1424bc4b7ec9ae12c6ce2"

[[package]]
name = "serde"
version = "1.0.190"
source = "registry+https://github.com/rust-lang/crates.io-index"
checksum = "91d3c334ca1ee894a2c6f6ad698fe8c435b76d504b13d436f0685d648d6d96f7"
dependencies = [
 "serde_derive",
]

[[package]]
name = "serde_derive"
version = "1.0.190"
source = "registry+https://github.com/rust-lang/crates.io-index"
checksum = "67c5609f394e5c2bd7fc51efda478004ea80ef42fee983d5c67a65e34f32c0e3"
dependencies = [
 "proc-macro2",
 "quote",
 "syn 2.0.39",
]

[[package]]
name = "slab"
version = "0.4.9"
source = "registry+https://github.com/rust-lang/crates.io-index"
checksum = "8f92a496fb766b417c996b9c5e57daf2f7ad3b0bebe1ccfca4856390e3d3bb67"
dependencies = [
 "autocfg",
]

[[package]]
name = "smallvec"
version = "1.11.1"
source = "registry+https://github.com/rust-lang/crates.io-index"
checksum = "942b4a808e05215192e39f4ab80813e599068285906cc91aa64f923db842bd5a"
dependencies = [
 "serde",
]

[[package]]
name = "smol_str"
version = "0.2.0"
source = "registry+https://github.com/rust-lang/crates.io-index"
checksum = "74212e6bbe9a4352329b2f68ba3130c15a3f26fe88ff22dbdc6cdd58fa85e99c"
dependencies = [
 "serde",
]

[[package]]
name = "specta"
version = "2.0.0-rc.6"
dependencies = [
 "bevy_ecs",
 "glam",
 "once_cell",
 "paste",
 "serde",
 "specta-macros",
 "thiserror",
]

[[package]]
name = "specta-macros"
version = "2.0.0-rc.6"
dependencies = [
 "Inflector",
 "proc-macro2",
 "quote",
 "syn 1.0.109",
]

[[package]]
name = "syn"
version = "1.0.109"
source = "registry+https://github.com/rust-lang/crates.io-index"
checksum = "72b64191b275b66ffe2469e8af2c1cfe3bafa67b529ead792a6d0160888b4237"
dependencies = [
 "proc-macro2",
 "quote",
 "unicode-ident",
]

[[package]]
name = "syn"
version = "2.0.39"
source = "registry+https://github.com/rust-lang/crates.io-index"
checksum = "23e78b90f2fcf45d3e842032ce32e3f2d1545ba6636271dcbf24fa306d87be7a"
dependencies = [
 "proc-macro2",
 "quote",
 "unicode-ident",
]

[[package]]
name = "thiserror"
version = "1.0.50"
source = "registry+https://github.com/rust-lang/crates.io-index"
checksum = "f9a7210f5c9a7156bb50aa36aed4c95afb51df0df00713949448cf9e97d382d2"
dependencies = [
 "thiserror-impl",
]

[[package]]
name = "thiserror-impl"
version = "1.0.50"
source = "registry+https://github.com/rust-lang/crates.io-index"
checksum = "266b2e40bc00e5a6c09c3584011e08b06f123c00362c92b975ba9843aaaa14b8"
dependencies = [
 "proc-macro2",
 "quote",
 "syn 2.0.39",
]

[[package]]
name = "thread_local"
version = "1.1.7"
source = "registry+https://github.com/rust-lang/crates.io-index"
checksum = "3fdd6f064ccff2d6567adcb3873ca630700f00b5ad3f060c25b5dcfd9a4ce152"
dependencies = [
 "cfg-if",
 "once_cell",
]

[[package]]
name = "toml_datetime"
version = "0.6.5"
source = "registry+https://github.com/rust-lang/crates.io-index"
checksum = "3550f4e9685620ac18a50ed434eb3aec30db8ba93b0287467bca5826ea25baf1"

[[package]]
name = "toml_edit"
version = "0.20.7"
source = "registry+https://github.com/rust-lang/crates.io-index"
checksum = "70f427fce4d84c72b5b732388bf4a9f4531b53f74e2887e3ecb2481f68f66d81"
dependencies = [
 "indexmap",
 "toml_datetime",
 "winnow",
]

[[package]]
name = "tracing"
version = "0.1.40"
source = "registry+https://github.com/rust-lang/crates.io-index"
checksum = "c3523ab5a71916ccf420eebdf5521fcef02141234bbc0b8a49f2fdc4544364ef"
dependencies = [
 "pin-project-lite",
 "tracing-core",
]

[[package]]
name = "tracing-core"
version = "0.1.32"
source = "registry+https://github.com/rust-lang/crates.io-index"
checksum = "c06d3da6113f116aaee68e4d601191614c9053067f9ab7f6edbcb161237daa54"
dependencies = [
 "once_cell",
]

[[package]]
name = "unicode-ident"
version = "1.0.12"
source = "registry+https://github.com/rust-lang/crates.io-index"
checksum = "3354b9ac3fae1ff6755cb6db53683adb661634f67557942dea4facebec0fee4b"

[[package]]
name = "uuid"
version = "1.5.0"
source = "registry+https://github.com/rust-lang/crates.io-index"
checksum = "88ad59a7560b41a70d191093a945f0b87bc1deeda46fb237479708a1d6b6cdfc"
dependencies = [
 "getrandom",
 "serde",
]

[[package]]
name = "version_check"
version = "0.9.4"
source = "registry+https://github.com/rust-lang/crates.io-index"
checksum = "49874b5167b65d7193b8aba1567f5c7d93d001cafc34600cee003eda787e483f"

[[package]]
name = "waker-fn"
version = "1.1.1"
source = "registry+https://github.com/rust-lang/crates.io-index"
checksum = "f3c4517f54858c779bbcbf228f4fca63d121bf85fbecb2dc578cdf4a39395690"

[[package]]
name = "wasi"
version = "0.11.0+wasi-snapshot-preview1"
source = "registry+https://github.com/rust-lang/crates.io-index"
checksum = "9c8d87e72b64a3b4db28d11ce29237c246188f4f51057d65a7eab63b7987e423"

[[package]]
name = "wasm-bindgen"
version = "0.2.88"
source = "registry+https://github.com/rust-lang/crates.io-index"
checksum = "7daec296f25a1bae309c0cd5c29c4b260e510e6d813c286b19eaadf409d40fce"
dependencies = [
 "cfg-if",
 "wasm-bindgen-macro",
]

[[package]]
name = "wasm-bindgen-backend"
version = "0.2.88"
source = "registry+https://github.com/rust-lang/crates.io-index"
checksum = "e397f4664c0e4e428e8313a469aaa58310d302159845980fd23b0f22a847f217"
dependencies = [
 "bumpalo",
 "log",
 "once_cell",
 "proc-macro2",
 "quote",
 "syn 2.0.39",
 "wasm-bindgen-shared",
]

[[package]]
name = "wasm-bindgen-futures"
version = "0.4.38"
source = "registry+https://github.com/rust-lang/crates.io-index"
checksum = "9afec9963e3d0994cac82455b2b3502b81a7f40f9a0d32181f7528d9f4b43e02"
dependencies = [
 "cfg-if",
 "js-sys",
 "wasm-bindgen",
 "web-sys",
]

[[package]]
name = "wasm-bindgen-macro"
version = "0.2.88"
source = "registry+https://github.com/rust-lang/crates.io-index"
checksum = "5961017b3b08ad5f3fe39f1e79877f8ee7c23c5e5fd5eb80de95abc41f1f16b2"
dependencies = [
 "quote",
 "wasm-bindgen-macro-support",
]

[[package]]
name = "wasm-bindgen-macro-support"
version = "0.2.88"
source = "registry+https://github.com/rust-lang/crates.io-index"
checksum = "c5353b8dab669f5e10f5bd76df26a9360c748f054f862ff5f3f8aae0c7fb3907"
dependencies = [
 "proc-macro2",
 "quote",
 "syn 2.0.39",
 "wasm-bindgen-backend",
 "wasm-bindgen-shared",
]

[[package]]
name = "wasm-bindgen-shared"
version = "0.2.88"
source = "registry+https://github.com/rust-lang/crates.io-index"
checksum = "0d046c5d029ba91a1ed14da14dca44b68bf2f124cfbaf741c54151fdb3e0750b"

[[package]]
name = "web-sys"
version = "0.3.65"
source = "registry+https://github.com/rust-lang/crates.io-index"
checksum = "5db499c5f66323272151db0e666cd34f78617522fb0c1604d31a27c50c206a85"
dependencies = [
 "js-sys",
 "wasm-bindgen",
]

[[package]]
name = "winnow"
version = "0.5.19"
source = "registry+https://github.com/rust-lang/crates.io-index"
checksum = "829846f3e3db426d4cee4510841b71a8e58aa2a76b1132579487ae430ccd9c7b"
dependencies = [
 "memchr",
]

[[package]]
name = "zerocopy"
version = "0.7.25"
source = "registry+https://github.com/rust-lang/crates.io-index"
checksum = "8cd369a67c0edfef15010f980c3cbe45d7f651deac2cd67ce097cd801de16557"
dependencies = [
 "zerocopy-derive",
]

[[package]]
name = "zerocopy-derive"
version = "0.7.25"
source = "registry+https://github.com/rust-lang/crates.io-index"
checksum = "c2f140bda219a26ccc0cdb03dba58af72590c53b22642577d88a927bc5c87d6b"
dependencies = [
 "proc-macro2",
 "quote",
 "syn 2.0.39",
]
